
Microsoft Visual Studio Solution File, Format Version 12.00
# Visual Studio 2012
Project("{FAE04EC0-301F-11D3-BF4B-00C04F79EFBC}") = "TEAMS", "Plugin\TEAMSPlugin\TEAMS.csproj", "{AD91D8FB-3C8A-46AA-86C8-3BF6831B0D25}"
EndProject
Global
	GlobalSection(SolutionConfigurationPlatforms) = preSolution
		Debug|Any CPU = Debug|Any CPU
		Debug|Mixed Platforms = Debug|Mixed Platforms
		Debug|x86 = Debug|x86
		Release|Any CPU = Release|Any CPU
		Release|Mixed Platforms = Release|Mixed Platforms
		Release|x86 = Release|x86
	EndGlobalSection
	GlobalSection(ProjectConfigurationPlatforms) = postSolution
		{AD91D8FB-3C8A-46AA-86C8-3BF6831B0D25}.Debug|Any CPU.ActiveCfg = Debug|Any CPU
		{AD91D8FB-3C8A-46AA-86C8-3BF6831B0D25}.Debug|Any CPU.Build.0 = Debug|Any CPU
		{AD91D8FB-3C8A-46AA-86C8-3BF6831B0D25}.Debug|Mixed Platforms.ActiveCfg = Debug|Any CPU
		{AD91D8FB-3C8A-46AA-86C8-3BF6831B0D25}.Debug|Mixed Platforms.Build.0 = Debug|Any CPU
		{AD91D8FB-3C8A-46AA-86C8-3BF6831B0D25}.Debug|x86.ActiveCfg = Debug|Any CPU
		{AD91D8FB-3C8A-46AA-86C8-3BF6831B0D25}.Release|Any CPU.ActiveCfg = Release|Any CPU
		{AD91D8FB-3C8A-46AA-86C8-3BF6831B0D25}.Release|Any CPU.Build.0 = Release|Any CPU
		{AD91D8FB-3C8A-46AA-86C8-3BF6831B0D25}.Release|Mixed Platforms.ActiveCfg = Release|Any CPU
		{AD91D8FB-3C8A-46AA-86C8-3BF6831B0D25}.Release|Mixed Platforms.Build.0 = Release|Any CPU
		{AD91D8FB-3C8A-46AA-86C8-3BF6831B0D25}.Release|x86.ActiveCfg = Release|Any CPU
	EndGlobalSection
	GlobalSection(SolutionProperties) = preSolution
		HideSolutionNode = FALSE
	EndGlobalSection
EndGlobal
